
Microsoft Visual Studio Solution File, Format Version 12.00
# Visual Studio 14
VisualStudioVersion = 14.0.25420.1
MinimumVisualStudioVersion = 10.0.40219.1
Project("{FAE04EC0-301F-11D3-BF4B-00C04F79EFBC}") = "DHPO Auditor", "DHPO Auditor\DHPO Auditor.csproj", "{B9510C60-3674-4FE1-9EF8-CB4AE65B4801}"
EndProject
Global
	GlobalSection(SolutionConfigurationPlatforms) = preSolution
		Debug|Any CPU = Debug|Any CPU
		Release|Any CPU = Release|Any CPU
	EndGlobalSection
	GlobalSection(ProjectConfigurationPlatforms) = postSolution
		{B9510C60-3674-4FE1-9EF8-CB4AE65B4801}.Debug|Any CPU.ActiveCfg = Debug|Any CPU
		{B9510C60-3674-4FE1-9EF8-CB4AE65B4801}.Debug|Any CPU.Build.0 = Debug|Any CPU
		{B9510C60-3674-4FE1-9EF8-CB4AE65B4801}.Release|Any CPU.ActiveCfg = Release|Any CPU
		{B9510C60-3674-4FE1-9EF8-CB4AE65B4801}.Release|Any CPU.Build.0 = Release|Any CPU
	EndGlobalSection
	GlobalSection(SolutionProperties) = preSolution
		HideSolutionNode = FALSE
	EndGlobalSection
EndGlobal
